<Solution>
  <Project Path="benchmarks/Fairbill.ScannerBenchmarks/Fairbill.ScannerBenchmarks.csproj" />
  <Project Path="src/Fairbill.Analysis/Fairbill.Analysis.csproj" />
  <Project Path="src/Fairbill.Analyzers.DotNet/Fairbill.Analyzers.DotNet.csproj" />
  <Project Path="src/Fairbill.Analyzers.JavaScript/Fairbill.Analyzers.JavaScript.csproj" />
  <Project Path="src/Fairbill.Cli/Fairbill.Cli.csproj" />
  <Project Path="src/Fairbill.Calibration/Fairbill.Calibration.csproj" />
  <Project Path="src/Fairbill.Contracts/Fairbill.Contracts.csproj" />
  <Project Path="src/Fairbill.Core/Fairbill.Core.csproj" />
  <Project Path="src/Fairbill.Estimation/Fairbill.Estimation.csproj" />
  <Project Path="src/Fairbill.Pricing/Fairbill.Pricing.csproj" />
  <Project Path="src/Fairbill.Reporting/Fairbill.Reporting.csproj" />
  <Project Path="tests/Fairbill.EndToEndTests/Fairbill.EndToEndTests.csproj" />
  <Project Path="tests/Fairbill.Tests/Fairbill.Tests.csproj" />
</Solution>
