{
  "version": 2,
  "dependencies": {
    "net10.0": {
      "Microsoft.NET.Test.Sdk": {
        "type": "Direct",
        "requested": "[18.9.0, )",
        "resolved": "18.9.0",
        "contentHash": "xIzVXa/VpKXqDWzyC/5Hw8JbFY5u9k3Jc53CpcjBiOXvkQGio484LD9FNwOiGUSMDcYL3Rcw9sNgGi5WrswlPQ==",
        "dependencies": {
          "Microsoft.CodeCoverage": "18.9.0",
          "Microsoft.TestPlatform.TestHost": "18.9.0"
        }
      },
      "xunit": {
        "type": "Direct",
        "requested": "[2.9.3, )",
        "resolved": "2.9.3",
        "contentHash": "TlXQBinK35LpOPKHAqbLY4xlEen9TBafjs0V5KnA4wZsoQLQJiirCR4CbIXvOH8NzkW4YeJKP5P/Bnrodm0h9Q==",
        "dependencies": {
          "xunit.analyzers": "1.18.0",
          "xunit.assert": "2.9.3",
          "xunit.core": "[2.9.3]"
        }
      },
      "xunit.runner.visualstudio": {
        "type": "Direct",
        "requested": "[4.0.0, )",
        "resolved": "4.0.0",
        "contentHash": "kzLFyBYUnoidpGOXvpNOfIo8C92gVgVR6X8ncHwhcrDYugiOut5rrhDkr0L3cWHd7J2pKXf6LgaeXoBBDlx1ag=="
      },
      "Humanizer.Core": {
        "type": "Transitive",
        "resolved": "3.0.1",
        "contentHash": "scB3+KcxNmEjZK5V8rKCW2gIiL8m8KH91w14FuuExyhi9xTyAJ+jr+DDxGdy12mHmioe2uvjxTfMgM7WmSUFlw=="
      },
      "Json.More.Net": {
        "type": "Transitive",
        "resolved": "2.2.0",
        "contentHash": "fiyEZJNgiCzDa7/N9bZ+CnM5qnawyJ54+CkHNZ2svwxWBWNNFzydJ7RlroqMdOjokGBiLcKIxdajNvOklzlYqQ=="
      },
      "JsonPointer.Net": {
        "type": "Transitive",
        "resolved": "6.0.1",
        "contentHash": "EbSJkd/1y9r0WBIptjUctA6BzjgKh1aNU/g6QGgdMZVZ8wc0S/ysQhfiQerP9/VFTeENFHFdCQaoOk9fZqwnFQ==",
        "dependencies": {
          "Humanizer.Core": "3.0.1",
          "Json.More.Net": "2.2.0"
        }
      },
      "Microsoft.CodeAnalysis.Analyzers": {
        "type": "Transitive",
        "resolved": "5.9.0",
        "contentHash": "jMNOo+uoBGiWbZ6Wx0dqU93r5WD4P5WnIRZdoz67RP5N09OUetHgAbo4L7hihOH1NHdD2TgW5/l+SP4gQukwww=="
      },
      "Microsoft.CodeAnalysis.Common": {
        "type": "Transitive",
        "resolved": "5.9.0",
        "contentHash": "IYaIaUWdIx539AReKZOBEqTskFusZfCh/wFSPilDvCn5Say8MegLw2LONcSIcVy+v3Gzv53qYBspgvBGSErfbQ==",
        "dependencies": {
          "Microsoft.CodeAnalysis.Analyzers": "5.9.0-1.26328.17"
        }
      },
      "Microsoft.CodeCoverage": {
        "type": "Transitive",
        "resolved": "18.9.0",
        "contentHash": "MtegCIKGuG0r/LCdIjoR1HgzCGIUBhR3aNdbtQpts5vMXQuqBDZ2Jsd2uFKoHFM2XrQV6ZrDf3F5oLi3SLTp8w=="
      },
      "Microsoft.TestPlatform.ObjectModel": {
        "type": "Transitive",
        "resolved": "18.9.0",
        "contentHash": "Fz/qXC52VXXopzHj7v2reCKcCqSxkTDCkEDfkNAH0vni/7qK/KLMiEYtRmnUanxO2F2g2zZZ60qCpxF0AF7URA=="
      },
      "Microsoft.TestPlatform.TestHost": {
        "type": "Transitive",
        "resolved": "18.9.0",
        "contentHash": "Oq+Pma/J86aZL72t71bcESvDszDsTjUfl6PIsuDdPoKTHZfNMhKamCfLD5fKx51W/u0KozXtJo2/3fnt0sgPxg==",
        "dependencies": {
          "Microsoft.TestPlatform.ObjectModel": "18.9.0"
        }
      },
      "xunit.abstractions": {
        "type": "Transitive",
        "resolved": "2.0.3",
        "contentHash": "pot1I4YOxlWjIb5jmwvvQNbTrZ3lJQ+jUGkGjWE3hEFM0l5gOnBWS+H3qsex68s5cO52g+44vpGzhAt+42vwKg=="
      },
      "xunit.analyzers": {
        "type": "Transitive",
        "resolved": "1.18.0",
        "contentHash": "OtFMHN8yqIcYP9wcVIgJrq01AfTxijjAqVDy/WeQVSyrDC1RzBWeQPztL49DN2syXRah8TYnfvk035s7L95EZQ=="
      },
      "xunit.assert": {
        "type": "Transitive",
        "resolved": "2.9.3",
        "contentHash": "/Kq28fCE7MjOV42YLVRAJzRF0WmEqsmflm0cfpMjGtzQ2lR5mYVj1/i0Y8uDAOLczkL3/jArrwehfMD0YogMAA=="
      },
      "xunit.core": {
        "type": "Transitive",
        "resolved": "2.9.3",
        "contentHash": "BiAEvqGvyme19wE0wTKdADH+NloYqikiU0mcnmiNyXaF9HyHmE6sr/3DC5vnBkgsWaE6yPyWszKSPSApWdRVeQ==",
        "dependencies": {
          "xunit.extensibility.core": "[2.9.3]",
          "xunit.extensibility.execution": "[2.9.3]"
        }
      },
      "xunit.extensibility.core": {
        "type": "Transitive",
        "resolved": "2.9.3",
        "contentHash": "kf3si0YTn2a8J8eZNb+zFpwfoyvIrQ7ivNk5ZYA5yuYk1bEtMe4DxJ2CF/qsRgmEnDr7MnW1mxylBaHTZ4qErA==",
        "dependencies": {
          "xunit.abstractions": "2.0.3"
        }
      },
      "xunit.extensibility.execution": {
        "type": "Transitive",
        "resolved": "2.9.3",
        "contentHash": "yMb6vMESlSrE3Wfj7V6cjQ3S4TXdXpRqYeNEI3zsX31uTsGMJjEw6oD5F5u1cHnMptjhEECnmZSsPxB6ChZHDQ==",
        "dependencies": {
          "xunit.extensibility.core": "[2.9.3]"
        }
      },
      "efforthours.analysis": {
        "type": "Project",
        "dependencies": {
          "EffortHours.Contracts": "[1.0.0, )"
        }
      },
      "efforthours.analyzers.cpp": {
        "type": "Project",
        "dependencies": {
          "EffortHours.Analysis": "[1.0.0, )",
          "EffortHours.Contracts": "[1.0.0, )"
        }
      },
      "efforthours.analyzers.docker": {
        "type": "Project",
        "dependencies": {
          "EffortHours.Analysis": "[1.0.0, )",
          "EffortHours.Contracts": "[1.0.0, )"
        }
      },
      "efforthours.analyzers.dotnet": {
        "type": "Project",
        "dependencies": {
          "EffortHours.Analysis": "[1.0.0, )",
          "EffortHours.Contracts": "[1.0.0, )",
          "Microsoft.CodeAnalysis.CSharp": "[5.9.0, )"
        }
      },
      "efforthours.analyzers.go": {
        "type": "Project",
        "dependencies": {
          "EffortHours.Analysis": "[1.0.0, )",
          "EffortHours.Contracts": "[1.0.0, )"
        }
      },
      "efforthours.analyzers.java": {
        "type": "Project",
        "dependencies": {
          "EffortHours.Analysis": "[1.0.0, )",
          "EffortHours.Contracts": "[1.0.0, )"
        }
      },
      "efforthours.analyzers.javascript": {
        "type": "Project",
        "dependencies": {
          "Acornima": "[1.8.0, )",
          "Acornima.Extras": "[1.8.0, )",
          "EffortHours.Analysis": "[1.0.0, )",
          "EffortHours.Contracts": "[1.0.0, )"
        }
      },
      "efforthours.analyzers.php": {
        "type": "Project",
        "dependencies": {
          "EffortHours.Analysis": "[1.0.0, )",
          "EffortHours.Contracts": "[1.0.0, )"
        }
      },
      "efforthours.analyzers.python": {
        "type": "Project",
        "dependencies": {
          "EffortHours.Analysis": "[1.0.0, )",
          "EffortHours.Contracts": "[1.0.0, )"
        }
      },
      "efforthours.analyzers.rust": {
        "type": "Project",
        "dependencies": {
          "EffortHours.Analysis": "[1.0.0, )",
          "EffortHours.Contracts": "[1.0.0, )"
        }
      },
      "efforthours.analyzers.scripting": {
        "type": "Project",
        "dependencies": {
          "EffortHours.Analysis": "[1.0.0, )",
          "EffortHours.Contracts": "[1.0.0, )"
        }
      },
      "efforthours.analyzers.sql": {
        "type": "Project",
        "dependencies": {
          "EffortHours.Analysis": "[1.0.0, )",
          "EffortHours.Contracts": "[1.0.0, )"
        }
      },
      "efforthours.analyzers.terraform": {
        "type": "Project",
        "dependencies": {
          "EffortHours.Analysis": "[1.0.0, )",
          "EffortHours.Contracts": "[1.0.0, )"
        }
      },
      "efforthours.calibration": {
        "type": "Project",
        "dependencies": {
          "EffortHours.Contracts": "[1.0.0, )"
        }
      },
      "efforthours.change": {
        "type": "Project",
        "dependencies": {
          "EffortHours.Analysis": "[1.0.0, )",
          "EffortHours.Contracts": "[1.0.0, )",
          "EffortHours.Core": "[1.0.0, )",
          "EffortHours.Estimation": "[1.0.0, )"
        }
      },
      "efforthours.contracts": {
        "type": "Project",
        "dependencies": {
          "JsonSchema.Net": "[8.0.5, )"
        }
      },
      "efforthours.core": {
        "type": "Project",
        "dependencies": {
          "EffortHours.Analysis": "[1.0.0, )",
          "EffortHours.Analyzers.Cpp": "[1.0.0, )",
          "EffortHours.Analyzers.Docker": "[1.0.0, )",
          "EffortHours.Analyzers.DotNet": "[1.0.0, )",
          "EffortHours.Analyzers.Go": "[1.0.0, )",
          "EffortHours.Analyzers.Java": "[1.0.0, )",
          "EffortHours.Analyzers.JavaScript": "[1.0.0, )",
          "EffortHours.Analyzers.Php": "[1.0.0, )",
          "EffortHours.Analyzers.Python": "[1.0.0, )",
          "EffortHours.Analyzers.Rust": "[1.0.0, )",
          "EffortHours.Analyzers.Scripting": "[1.0.0, )",
          "EffortHours.Analyzers.Sql": "[1.0.0, )",
          "EffortHours.Analyzers.Terraform": "[1.0.0, )",
          "EffortHours.Contracts": "[1.0.0, )"
        }
      },
      "efforthours.estimation": {
        "type": "Project",
        "dependencies": {
          "EffortHours.Contracts": "[1.0.0, )"
        }
      },
      "efforthours.repositorycalibration": {
        "type": "Project",
        "dependencies": {
          "EffortHours.Calibration": "[1.0.0, )",
          "EffortHours.Contracts": "[1.0.0, )",
          "EffortHours.Estimation": "[1.0.0, )"
        }
      },
      "Acornima": {
        "type": "CentralTransitive",
        "requested": "[1.8.0, )",
        "resolved": "1.8.0",
        "contentHash": "ZtcK7lu5LZZH5qDWfeUdBn/WXChWQjGdpB9sSFOJPyqnODGSMS1wqBoONP7GXzQRPHKoV8byWZT4EeBPI69ODQ=="
      },
      "Acornima.Extras": {
        "type": "CentralTransitive",
        "requested": "[1.8.0, )",
        "resolved": "1.8.0",
        "contentHash": "drn8p3EgvnuUzCO3DhfIUQ60BdxaBpOgs1Vi0tHKjNQgo8tkaCzCHPFqclYZ1a4O4zvEBafcYpMl42MFM9AK3g==",
        "dependencies": {
          "Acornima": "1.8.0"
        }
      },
      "JsonSchema.Net": {
        "type": "CentralTransitive",
        "requested": "[8.0.5, )",
        "resolved": "8.0.5",
        "contentHash": "QoEqdoAUgAkbzuFAiHySjGuh8lJs8L8DxkEDGJLEebtlZ6+EbEr0wmYlidErSS2ASNFOModueb83DLNIRLqshg==",
        "dependencies": {
          "JsonPointer.Net": "6.0.1"
        }
      },
      "Microsoft.CodeAnalysis.CSharp": {
        "type": "CentralTransitive",
        "requested": "[5.9.0, )",
        "resolved": "5.9.0",
        "contentHash": "7JGDA0UT1+h7k9ZcA3rF4eFC8+QPq1xyYaXxag4p8r/zzPurEJxvdi7aM+MRL/SfP7XADXpWF/pl/eUYXOq/ww==",
        "dependencies": {
          "Microsoft.CodeAnalysis.Analyzers": "5.9.0-1.26328.17",
          "Microsoft.CodeAnalysis.Common": "[5.9.0]"
        }
      }
    }
  }
}
